// !$*UTF8*$!
{
	archiveVersion = 1;
	classes = {
	};
	objectVersion = 56;
	objects = {

/* Begin PBXBuildFile section */
		561B30DD2983FC24005A71B2 /* AppDelegate.swift in Sources */ = {isa = PBXBuildFile; fileRef = 561B30DC2983FC24005A71B2 /* AppDelegate.swift */; };
		561B30E72983FC24005A71B2 /* MockPosts.xcdatamodeld in Sources */ = {isa = PBXBuildFile; fileRef = 561B30E52983FC24005A71B2 /* MockPosts.xcdatamodeld */; };
		561B30E92983FC25005A71B2 /* Assets.xcassets in Resources */ = {isa = PBXBuildFile; fileRef = 561B30E82983FC25005A71B2 /* Assets.xcassets */; };
		561B30EC2983FC25005A71B2 /* LaunchScreen.storyboard in Resources */ = {isa = PBXBuildFile; fileRef = 561B30EA2983FC25005A71B2 /* LaunchScreen.storyboard */; };
		561B30F72983FC25005A71B2 /* MockPostsTests.swift in Sources */ = {isa = PBXBuildFile; fileRef = 561B30F62983FC25005A71B2 /* MockPostsTests.swift */; };
		561B31012983FC25005A71B2 /* MockPostsUITests.swift in Sources */ = {isa = PBXBuildFile; fileRef = 561B31002983FC25005A71B2 /* MockPostsUITests.swift */; };
		561B31032983FC25005A71B2 /* MockPostsUITestsLaunchTests.swift in Sources */ = {isa = PBXBuildFile; fileRef = 561B31022983FC25005A71B2 /* MockPostsUITestsLaunchTests.swift */; };
		561B311929854E4B005A71B2 /* AppCoordinator.swift in Sources */ = {isa = PBXBuildFile; fileRef = 561B311829854E4B005A71B2 /* AppCoordinator.swift */; };
		561B312029854F10005A71B2 /* HomeCoordinator.swift in Sources */ = {isa = PBXBuildFile; fileRef = 561B311F29854F10005A71B2 /* HomeCoordinator.swift */; };
		561B312229854F1C005A71B2 /* HomeViewModel.swift in Sources */ = {isa = PBXBuildFile; fileRef = 561B312129854F1C005A71B2 /* HomeViewModel.swift */; };
		561B312429854F25005A71B2 /* HomeViewController.swift in Sources */ = {isa = PBXBuildFile; fileRef = 561B312329854F25005A71B2 /* HomeViewController.swift */; };
		561B312729854FFD005A71B2 /* ViewCode.swift in Sources */ = {isa = PBXBuildFile; fileRef = 561B312629854FFD005A71B2 /* ViewCode.swift */; };
		561B312929855013005A71B2 /* Apply.swift in Sources */ = {isa = PBXBuildFile; fileRef = 561B312829855013005A71B2 /* Apply.swift */; };
		561B312B2985502F005A71B2 /* Configurable.swift in Sources */ = {isa = PBXBuildFile; fileRef = 561B312A2985502F005A71B2 /* Configurable.swift */; };
		561B313029856B67005A71B2 /* ServiceAPICall.swift in Sources */ = {isa = PBXBuildFile; fileRef = 561B312F29856B67005A71B2 /* ServiceAPICall.swift */; };
		561B313229856E8C005A71B2 /* APIRequest.swift in Sources */ = {isa = PBXBuildFile; fileRef = 561B313129856E8C005A71B2 /* APIRequest.swift */; };
		561B313529856F03005A71B2 /* NetworkError.swift in Sources */ = {isa = PBXBuildFile; fileRef = 561B313429856F03005A71B2 /* NetworkError.swift */; };
		561B313C29859485005A71B2 /* PostAPIService.swift in Sources */ = {isa = PBXBuildFile; fileRef = 561B313B29859485005A71B2 /* PostAPIService.swift */; };
		561B313E298595B0005A71B2 /* PostResponse.swift in Sources */ = {isa = PBXBuildFile; fileRef = 561B313D298595B0005A71B2 /* PostResponse.swift */; };
		561B3140298596FC005A71B2 /* PostCommentsResponse.swift in Sources */ = {isa = PBXBuildFile; fileRef = 561B313F298596FC005A71B2 /* PostCommentsResponse.swift */; };
		561B314829859C43005A71B2 /* PostRepository.swift in Sources */ = {isa = PBXBuildFile; fileRef = 561B314729859C43005A71B2 /* PostRepository.swift */; };
		561B314A29859E2B005A71B2 /* PostRepositoryProtocol.swift in Sources */ = {isa = PBXBuildFile; fileRef = 561B314929859E2B005A71B2 /* PostRepositoryProtocol.swift */; };
		561B314C29859E47005A71B2 /* PostUseCaseProtocol.swift in Sources */ = {isa = PBXBuildFile; fileRef = 561B314B29859E47005A71B2 /* PostUseCaseProtocol.swift */; };
		561B314E29859E50005A71B2 /* PostUseCase.swift in Sources */ = {isa = PBXBuildFile; fileRef = 561B314D29859E50005A71B2 /* PostUseCase.swift */; };
		561B31512985A0A7005A71B2 /* Rx+Misc.swift in Sources */ = {isa = PBXBuildFile; fileRef = 561B31502985A0A7005A71B2 /* Rx+Misc.swift */; };
		561B31542987F8C8005A71B2 /* PostEntity.swift in Sources */ = {isa = PBXBuildFile; fileRef = 561B31532987F8C8005A71B2 /* PostEntity.swift */; };
		561B315629880A99005A71B2 /* PostCommentsEntity.swift in Sources */ = {isa = PBXBuildFile; fileRef = 561B315529880A99005A71B2 /* PostCommentsEntity.swift */; };
		561B315A29886E53005A71B2 /* HomeView.swift in Sources */ = {isa = PBXBuildFile; fileRef = 561B315929886E53005A71B2 /* HomeView.swift */; };
		561B315C29886FAE005A71B2 /* UIView+Misc.swift in Sources */ = {isa = PBXBuildFile; fileRef = 561B315B29886FAD005A71B2 /* UIView+Misc.swift */; };
		561B315E298876DC005A71B2 /* TableView+Misc.swift in Sources */ = {isa = PBXBuildFile; fileRef = 561B315D298876DC005A71B2 /* TableView+Misc.swift */; };
		561B3161298877B3005A71B2 /* PostCell.swift in Sources */ = {isa = PBXBuildFile; fileRef = 561B3160298877B3005A71B2 /* PostCell.swift */; };
		A49276FD524EF1505F1408B8 /* Pods_MockPostsTests.framework in Frameworks */ = {isa = PBXBuildFile; fileRef = CA1EEC5F5B881069226B6E6C /* Pods_MockPostsTests.framework */; };
		EAA8AB0CB0A8E02B7B39EA00 /* Pods_MockPosts.framework in Frameworks */ = {isa = PBXBuildFile; fileRef = 69072CC0F33EFF86B72F7C4A /* Pods_MockPosts.framework */; };
		F0E858DF2BE4D1BB259BE0B7 /* Pods_MockPosts_MockPostsUITests.framework in Frameworks */ = {isa = PBXBuildFile; fileRef = 720E50753EED4820FF50C465 /* Pods_MockPosts_MockPostsUITests.framework */; };
/* End PBXBuildFile section */

/* Begin PBXContainerItemProxy section */
		561B30F32983FC25005A71B2 /* PBXContainerItemProxy */ = {
			isa = PBXContainerItemProxy;
			containerPortal = 561B30D12983FC24005A71B2 /* Project object */;
			proxyType = 1;
			remoteGlobalIDString = 561B30D82983FC24005A71B2;
			remoteInfo = MockPosts;
		};
		561B30FD2983FC25005A71B2 /* PBXContainerItemProxy */ = {
			isa = PBXContainerItemProxy;
			containerPortal = 561B30D12983FC24005A71B2 /* Project object */;
			proxyType = 1;
			remoteGlobalIDString = 561B30D82983FC24005A71B2;
			remoteInfo = MockPosts;
		};
/* End PBXContainerItemProxy section */

/* Begin PBXFileReference section */
		561B30D92983FC24005A71B2 /* MockPosts.app */ = {isa = PBXFileReference; explicitFileType = wrapper.application; includeInIndex = 0; path = MockPosts.app; sourceTree = BUILT_PRODUCTS_DIR; };
		561B30DC2983FC24005A71B2 /* AppDelegate.swift */ = {isa = PBXFileReference; lastKnownFileType = sourcecode.swift; path = AppDelegate.swift; sourceTree = "<group>"; };
		561B30E62983FC24005A71B2 /* MockPosts.xcdatamodel */ = {isa = PBXFileReference; lastKnownFileType = wrapper.xcdatamodel; path = MockPosts.xcdatamodel; sourceTree = "<group>"; };
		561B30E82983FC25005A71B2 /* Assets.xcassets */ = {isa = PBXFileReference; lastKnownFileType = folder.assetcatalog; path = Assets.xcassets; sourceTree = "<group>"; };
		561B30EB2983FC25005A71B2 /* Base */ = {isa = PBXFileReference; lastKnownFileType = file.storyboard; name = Base; path = Base.lproj/LaunchScreen.storyboard; sourceTree = "<group>"; };
		561B30ED2983FC25005A71B2 /* Info.plist */ = {isa = PBXFileReference; lastKnownFileType = text.plist.xml; path = Info.plist; sourceTree = "<group>"; };
		561B30F22983FC25005A71B2 /* MockPostsTests.xctest */ = {isa = PBXFileReference; explicitFileType = wrapper.cfbundle; includeInIndex = 0; path = MockPostsTests.xctest; sourceTree = BUILT_PRODUCTS_DIR; };
		561B30F62983FC25005A71B2 /* MockPostsTests.swift */ = {isa = PBXFileReference; lastKnownFileType = sourcecode.swift; path = MockPostsTests.swift; sourceTree = "<group>"; };
		561B30FC2983FC25005A71B2 /* MockPostsUITests.xctest */ = {isa = PBXFileReference; explicitFileType = wrapper.cfbundle; includeInIndex = 0; path = MockPostsUITests.xctest; sourceTree = BUILT_PRODUCTS_DIR; };
		561B31002983FC25005A71B2 /* MockPostsUITests.swift */ = {isa = PBXFileReference; lastKnownFileType = sourcecode.swift; path = MockPostsUITests.swift; sourceTree = "<group>"; };
		561B31022983FC25005A71B2 /* MockPostsUITestsLaunchTests.swift */ = {isa = PBXFileReference; lastKnownFileType = sourcecode.swift; path = MockPostsUITestsLaunchTests.swift; sourceTree = "<group>"; };
		561B311829854E4B005A71B2 /* AppCoordinator.swift */ = {isa = PBXFileReference; lastKnownFileType = sourcecode.swift; path = AppCoordinator.swift; sourceTree = "<group>"; };
		561B311F29854F10005A71B2 /* HomeCoordinator.swift */ = {isa = PBXFileReference; lastKnownFileType = sourcecode.swift; path = HomeCoordinator.swift; sourceTree = "<group>"; };
		561B312129854F1C005A71B2 /* HomeViewModel.swift */ = {isa = PBXFileReference; lastKnownFileType = sourcecode.swift; path = HomeViewModel.swift; sourceTree = "<group>"; };
		561B312329854F25005A71B2 /* HomeViewController.swift */ = {isa = PBXFileReference; lastKnownFileType = sourcecode.swift; path = HomeViewController.swift; sourceTree = "<group>"; };
		561B312629854FFD005A71B2 /* ViewCode.swift */ = {isa = PBXFileReference; lastKnownFileType = sourcecode.swift; path = ViewCode.swift; sourceTree = "<group>"; };
		561B312829855013005A71B2 /* Apply.swift */ = {isa = PBXFileReference; lastKnownFileType = sourcecode.swift; path = Apply.swift; sourceTree = "<group>"; };
		561B312A2985502F005A71B2 /* Configurable.swift */ = {isa = PBXFileReference; lastKnownFileType = sourcecode.swift; path = Configurable.swift; sourceTree = "<group>"; };
		561B312F29856B67005A71B2 /* ServiceAPICall.swift */ = {isa = PBXFileReference; lastKnownFileType = sourcecode.swift; path = ServiceAPICall.swift; sourceTree = "<group>"; };
		561B313129856E8C005A71B2 /* APIRequest.swift */ = {isa = PBXFileReference; lastKnownFileType = sourcecode.swift; path = APIRequest.swift; sourceTree = "<group>"; };
		561B313429856F03005A71B2 /* NetworkError.swift */ = {isa = PBXFileReference; lastKnownFileType = sourcecode.swift; path = NetworkError.swift; sourceTree = "<group>"; };
		561B313B29859485005A71B2 /* PostAPIService.swift */ = {isa = PBXFileReference; lastKnownFileType = sourcecode.swift; path = PostAPIService.swift; sourceTree = "<group>"; };
		561B313D298595B0005A71B2 /* PostResponse.swift */ = {isa = PBXFileReference; lastKnownFileType = sourcecode.swift; path = PostResponse.swift; sourceTree = "<group>"; };
		561B313F298596FC005A71B2 /* PostCommentsResponse.swift */ = {isa = PBXFileReference; lastKnownFileType = sourcecode.swift; path = PostCommentsResponse.swift; sourceTree = "<group>"; };
		561B314729859C43005A71B2 /* PostRepository.swift */ = {isa = PBXFileReference; lastKnownFileType = sourcecode.swift; path = PostRepository.swift; sourceTree = "<group>"; };
		561B314929859E2B005A71B2 /* PostRepositoryProtocol.swift */ = {isa = PBXFileReference; lastKnownFileType = sourcecode.swift; path = PostRepositoryProtocol.swift; sourceTree = "<group>"; };
		561B314B29859E47005A71B2 /* PostUseCaseProtocol.swift */ = {isa = PBXFileReference; lastKnownFileType = sourcecode.swift; path = PostUseCaseProtocol.swift; sourceTree = "<group>"; };
		561B314D29859E50005A71B2 /* PostUseCase.swift */ = {isa = PBXFileReference; lastKnownFileType = sourcecode.swift; path = PostUseCase.swift; sourceTree = "<group>"; };
		561B31502985A0A7005A71B2 /* Rx+Misc.swift */ = {isa = PBXFileReference; lastKnownFileType = sourcecode.swift; path = "Rx+Misc.swift"; sourceTree = "<group>"; };
		561B31532987F8C8005A71B2 /* PostEntity.swift */ = {isa = PBXFileReference; lastKnownFileType = sourcecode.swift; path = PostEntity.swift; sourceTree = "<group>"; };
		561B315529880A99005A71B2 /* PostCommentsEntity.swift */ = {isa = PBXFileReference; lastKnownFileType = sourcecode.swift; path = PostCommentsEntity.swift; sourceTree = "<group>"; };
		561B315929886E53005A71B2 /* HomeView.swift */ = {isa = PBXFileReference; lastKnownFileType = sourcecode.swift; path = HomeView.swift; sourceTree = "<group>"; };
		561B315B29886FAD005A71B2 /* UIView+Misc.swift */ = {isa = PBXFileReference; lastKnownFileType = sourcecode.swift; path = "UIView+Misc.swift"; sourceTree = "<group>"; };
		561B315D298876DC005A71B2 /* TableView+Misc.swift */ = {isa = PBXFileReference; lastKnownFileType = sourcecode.swift; path = "TableView+Misc.swift"; sourceTree = "<group>"; };
		561B3160298877B3005A71B2 /* PostCell.swift */ = {isa = PBXFileReference; lastKnownFileType = sourcecode.swift; path = PostCell.swift; sourceTree = "<group>"; };
		5AAE0C1B1600F33AABA08F36 /* Pods-MockPostsTests.release.xcconfig */ = {isa = PBXFileReference; includeInIndex = 1; lastKnownFileType = text.xcconfig; name = "Pods-MockPostsTests.release.xcconfig"; path = "Target Support Files/Pods-MockPostsTests/Pods-MockPostsTests.release.xcconfig"; sourceTree = "<group>"; };
		69072CC0F33EFF86B72F7C4A /* Pods_MockPosts.framework */ = {isa = PBXFileReference; explicitFileType = wrapper.framework; includeInIndex = 0; path = Pods_MockPosts.framework; sourceTree = BUILT_PRODUCTS_DIR; };
		6A4C00125ABAB8B1248DCDA7 /* Pods-MockPosts.release.xcconfig */ = {isa = PBXFileReference; includeInIndex = 1; lastKnownFileType = text.xcconfig; name = "Pods-MockPosts.release.xcconfig"; path = "Target Support Files/Pods-MockPosts/Pods-MockPosts.release.xcconfig"; sourceTree = "<group>"; };
		720E50753EED4820FF50C465 /* Pods_MockPosts_MockPostsUITests.framework */ = {isa = PBXFileReference; explicitFileType = wrapper.framework; includeInIndex = 0; path = Pods_MockPosts_MockPostsUITests.framework; sourceTree = BUILT_PRODUCTS_DIR; };
		75F42CE2CF0E5EF86B766459 /* Pods-MockPosts-MockPostsUITests.release.xcconfig */ = {isa = PBXFileReference; includeInIndex = 1; lastKnownFileType = text.xcconfig; name = "Pods-MockPosts-MockPostsUITests.release.xcconfig"; path = "Target Support Files/Pods-MockPosts-MockPostsUITests/Pods-MockPosts-MockPostsUITests.release.xcconfig"; sourceTree = "<group>"; };
		C234D8C1A88A0F08DC730A57 /* Pods-MockPostsTests.debug.xcconfig */ = {isa = PBXFileReference; includeInIndex = 1; lastKnownFileType = text.xcconfig; name = "Pods-MockPostsTests.debug.xcconfig"; path = "Target Support Files/Pods-MockPostsTests/Pods-MockPostsTests.debug.xcconfig"; sourceTree = "<group>"; };
		CA1EEC5F5B881069226B6E6C /* Pods_MockPostsTests.framework */ = {isa = PBXFileReference; explicitFileType = wrapper.framework; includeInIndex = 0; path = Pods_MockPostsTests.framework; sourceTree = BUILT_PRODUCTS_DIR; };
		CB2C0C63F53C3193F51416D0 /* Pods-MockPosts-MockPostsUITests.debug.xcconfig */ = {isa = PBXFileReference; includeInIndex = 1; lastKnownFileType = text.xcconfig; name = "Pods-MockPosts-MockPostsUITests.debug.xcconfig"; path = "Target Support Files/Pods-MockPosts-MockPostsUITests/Pods-MockPosts-MockPostsUITests.debug.xcconfig"; sourceTree = "<group>"; };
		F3D1BCC4E76F399DCD29F035 /* Pods-MockPosts.debug.xcconfig */ = {isa = PBXFileReference; includeInIndex = 1; lastKnownFileType = text.xcconfig; name = "Pods-MockPosts.debug.xcconfig"; path = "Target Support Files/Pods-MockPosts/Pods-MockPosts.debug.xcconfig"; sourceTree = "<group>"; };
/* End PBXFileReference section */

/* Begin PBXFrameworksBuildPhase section */
		561B30D62983FC24005A71B2 /* Frameworks */ = {
			isa = PBXFrameworksBuildPhase;
			buildActionMask = 2147483647;
			files = (
				EAA8AB0CB0A8E02B7B39EA00 /* Pods_MockPosts.framework in Frameworks */,
			);
			runOnlyForDeploymentPostprocessing = 0;
		};
		561B30EF2983FC25005A71B2 /* Frameworks */ = {
			isa = PBXFrameworksBuildPhase;
			buildActionMask = 2147483647;
			files = (
				A49276FD524EF1505F1408B8 /* Pods_MockPostsTests.framework in Frameworks */,
			);
			runOnlyForDeploymentPostprocessing = 0;
		};
		561B30F92983FC25005A71B2 /* Frameworks */ = {
			isa = PBXFrameworksBuildPhase;
			buildActionMask = 2147483647;
			files = (
				F0E858DF2BE4D1BB259BE0B7 /* Pods_MockPosts_MockPostsUITests.framework in Frameworks */,
			);
			runOnlyForDeploymentPostprocessing = 0;
		};
/* End PBXFrameworksBuildPhase section */

/* Begin PBXGroup section */
		561B30D02983FC24005A71B2 = {
			isa = PBXGroup;
			children = (
				561B30DB2983FC24005A71B2 /* MockPosts */,
				561B30F52983FC25005A71B2 /* MockPostsTests */,
				561B30FF2983FC25005A71B2 /* MockPostsUITests */,
				561B30DA2983FC24005A71B2 /* Products */,
				F33CA1C60ABD8FA09961ACD9 /* Pods */,
				8DDB4BA40BE8298E456AD658 /* Frameworks */,
			);
			sourceTree = "<group>";
		};
		561B30DA2983FC24005A71B2 /* Products */ = {
			isa = PBXGroup;
			children = (
				561B30D92983FC24005A71B2 /* MockPosts.app */,
				561B30F22983FC25005A71B2 /* MockPostsTests.xctest */,
				561B30FC2983FC25005A71B2 /* MockPostsUITests.xctest */,
			);
			name = Products;
			sourceTree = "<group>";
		};
		561B30DB2983FC24005A71B2 /* MockPosts */ = {
			isa = PBXGroup;
			children = (
				561B310F298400AC005A71B2 /* Application */,
				561B3110298400BB005A71B2 /* Infrastructure */,
				561B3111298400CA005A71B2 /* Data */,
				561B3112298400D3005A71B2 /* Domain */,
				561B3113298400DC005A71B2 /* Presentation */,
				561B311429840111005A71B2 /* Resources */,
				561B31152984011D005A71B2 /* Supporting Files */,
			);
			path = MockPosts;
			sourceTree = "<group>";
		};
		561B30F52983FC25005A71B2 /* MockPostsTests */ = {
			isa = PBXGroup;
			children = (
				561B30F62983FC25005A71B2 /* MockPostsTests.swift */,
			);
			path = MockPostsTests;
			sourceTree = "<group>";
		};
		561B30FF2983FC25005A71B2 /* MockPostsUITests */ = {
			isa = PBXGroup;
			children = (
				561B31002983FC25005A71B2 /* MockPostsUITests.swift */,
				561B31022983FC25005A71B2 /* MockPostsUITestsLaunchTests.swift */,
			);
			path = MockPostsUITests;
			sourceTree = "<group>";
		};
		561B310F298400AC005A71B2 /* Application */ = {
			isa = PBXGroup;
			children = (
				561B30DC2983FC24005A71B2 /* AppDelegate.swift */,
			);
			path = Application;
			sourceTree = "<group>";
		};
		561B3110298400BB005A71B2 /* Infrastructure */ = {
			isa = PBXGroup;
			children = (
				561B312D29856AD0005A71B2 /* Network */,
			);
			path = Infrastructure;
			sourceTree = "<group>";
		};
		561B3111298400CA005A71B2 /* Data */ = {
			isa = PBXGroup;
			children = (
				561B314229859C05005A71B2 /* Repository */,
				561B314129859BFC005A71B2 /* Coredata */,
			);
			path = Data;
			sourceTree = "<group>";
		};
		561B3112298400D3005A71B2 /* Domain */ = {
			isa = PBXGroup;
			children = (
				561B31522987F8B5005A71B2 /* Entity */,
				561B314329859C11005A71B2 /* Protocols */,
				561B314429859C19005A71B2 /* UseCase */,
			);
			path = Domain;
			sourceTree = "<group>";
		};
		561B3113298400DC005A71B2 /* Presentation */ = {
			isa = PBXGroup;
			children = (
				561B315729880EA0005A71B2 /* UI */,
				561B311A29854EAB005A71B2 /* Features */,
				561B311629854E2D005A71B2 /* Shared */,
			);
			path = Presentation;
			sourceTree = "<group>";
		};
		561B311429840111005A71B2 /* Resources */ = {
			isa = PBXGroup;
			children = (
				561B30E82983FC25005A71B2 /* Assets.xcassets */,
			);
			path = Resources;
			sourceTree = "<group>";
		};
		561B31152984011D005A71B2 /* Supporting Files */ = {
			isa = PBXGroup;
			children = (
				561B30EA2983FC25005A71B2 /* LaunchScreen.storyboard */,
				561B30ED2983FC25005A71B2 /* Info.plist */,
			);
			path = "Supporting Files";
			sourceTree = "<group>";
		};
		561B311629854E2D005A71B2 /* Shared */ = {
			isa = PBXGroup;
			children = (
				561B312529854FEB005A71B2 /* Protocols */,
				561B314F2985A099005A71B2 /* Extensions */,
				561B311729854E39005A71B2 /* Navigation */,
			);
			path = Shared;
			sourceTree = "<group>";
		};
		561B311729854E39005A71B2 /* Navigation */ = {
			isa = PBXGroup;
			children = (
				561B311829854E4B005A71B2 /* AppCoordinator.swift */,
			);
			path = Navigation;
			sourceTree = "<group>";
		};
		561B311A29854EAB005A71B2 /* Features */ = {
			isa = PBXGroup;
			children = (
				561B311B29854EBD005A71B2 /* Home */,
			);
			path = Features;
			sourceTree = "<group>";
		};
		561B311B29854EBD005A71B2 /* Home */ = {
			isa = PBXGroup;
			children = (
				561B311E29854EE1005A71B2 /* Coordinator */,
				561B311D29854ED5005A71B2 /* ViewModel */,
				561B311C29854ECA005A71B2 /* ViewController */,
			);
			path = Home;
			sourceTree = "<group>";
		};
		561B311C29854ECA005A71B2 /* ViewController */ = {
			isa = PBXGroup;
			children = (
				561B312329854F25005A71B2 /* HomeViewController.swift */,
			);
			path = ViewController;
			sourceTree = "<group>";
		};
		561B311D29854ED5005A71B2 /* ViewModel */ = {
			isa = PBXGroup;
			children = (
				561B312129854F1C005A71B2 /* HomeViewModel.swift */,
			);
			path = ViewModel;
			sourceTree = "<group>";
		};
		561B311E29854EE1005A71B2 /* Coordinator */ = {
			isa = PBXGroup;
			children = (
				561B311F29854F10005A71B2 /* HomeCoordinator.swift */,
			);
			path = Coordinator;
			sourceTree = "<group>";
		};
		561B312529854FEB005A71B2 /* Protocols */ = {
			isa = PBXGroup;
			children = (
				561B312629854FFD005A71B2 /* ViewCode.swift */,
				561B312829855013005A71B2 /* Apply.swift */,
				561B312A2985502F005A71B2 /* Configurable.swift */,
			);
			path = Protocols;
			sourceTree = "<group>";
		};
		561B312D29856AD0005A71B2 /* Network */ = {
			isa = PBXGroup;
			children = (
				561B313A29859325005A71B2 /* Services */,
				561B313629856F65005A71B2 /* Models */,
				561B313329856EF3005A71B2 /* Protocols */,
				561B312E29856B5A005A71B2 /* Base */,
			);
			path = Network;
			sourceTree = "<group>";
		};
		561B312E29856B5A005A71B2 /* Base */ = {
			isa = PBXGroup;
			children = (
				561B312F29856B67005A71B2 /* ServiceAPICall.swift */,
				561B313129856E8C005A71B2 /* APIRequest.swift */,
			);
			path = Base;
			sourceTree = "<group>";
		};
		561B313329856EF3005A71B2 /* Protocols */ = {
			isa = PBXGroup;
			children = (
				561B313429856F03005A71B2 /* NetworkError.swift */,
			);
			path = Protocols;
			sourceTree = "<group>";
		};
		561B313629856F65005A71B2 /* Models */ = {
			isa = PBXGroup;
			children = (
				561B31392985930A005A71B2 /* Response */,
			);
			path = Models;
			sourceTree = "<group>";
		};
		561B31392985930A005A71B2 /* Response */ = {
			isa = PBXGroup;
			children = (
				561B313D298595B0005A71B2 /* PostResponse.swift */,
				561B313F298596FC005A71B2 /* PostCommentsResponse.swift */,
			);
			path = Response;
			sourceTree = "<group>";
		};
		561B313A29859325005A71B2 /* Services */ = {
			isa = PBXGroup;
			children = (
				561B313B29859485005A71B2 /* PostAPIService.swift */,
			);
			path = Services;
			sourceTree = "<group>";
		};
		561B314129859BFC005A71B2 /* Coredata */ = {
			isa = PBXGroup;
			children = (
				561B30E52983FC24005A71B2 /* MockPosts.xcdatamodeld */,
			);
			path = Coredata;
			sourceTree = "<group>";
		};
		561B314229859C05005A71B2 /* Repository */ = {
			isa = PBXGroup;
			children = (
				561B314729859C43005A71B2 /* PostRepository.swift */,
			);
			path = Repository;
			sourceTree = "<group>";
		};
		561B314329859C11005A71B2 /* Protocols */ = {
			isa = PBXGroup;
			children = (
				561B314629859C30005A71B2 /* Repository */,
				561B314529859C2A005A71B2 /* UseCase */,
			);
			path = Protocols;
			sourceTree = "<group>";
		};
		561B314429859C19005A71B2 /* UseCase */ = {
			isa = PBXGroup;
			children = (
				561B314D29859E50005A71B2 /* PostUseCase.swift */,
			);
			path = UseCase;
			sourceTree = "<group>";
		};
		561B314529859C2A005A71B2 /* UseCase */ = {
			isa = PBXGroup;
			children = (
				561B314B29859E47005A71B2 /* PostUseCaseProtocol.swift */,
			);
			path = UseCase;
			sourceTree = "<group>";
		};
		561B314629859C30005A71B2 /* Repository */ = {
			isa = PBXGroup;
			children = (
				561B314929859E2B005A71B2 /* PostRepositoryProtocol.swift */,
			);
			path = Repository;
			sourceTree = "<group>";
		};
		561B314F2985A099005A71B2 /* Extensions */ = {
			isa = PBXGroup;
			children = (
				561B31502985A0A7005A71B2 /* Rx+Misc.swift */,
				561B315B29886FAD005A71B2 /* UIView+Misc.swift */,
				561B315D298876DC005A71B2 /* TableView+Misc.swift */,
			);
			path = Extensions;
			sourceTree = "<group>";
		};
		561B31522987F8B5005A71B2 /* Entity */ = {
			isa = PBXGroup;
			children = (
				561B31532987F8C8005A71B2 /* PostEntity.swift */,
				561B315529880A99005A71B2 /* PostCommentsEntity.swift */,
			);
			path = Entity;
			sourceTree = "<group>";
		};
		561B315729880EA0005A71B2 /* UI */ = {
			isa = PBXGroup;
			children = (
				561B315F298877AA005A71B2 /* Cells */,
				561B315829886E48005A71B2 /* Views */,
			);
			path = UI;
			sourceTree = "<group>";
		};
		561B315829886E48005A71B2 /* Views */ = {
			isa = PBXGroup;
			children = (
				561B315929886E53005A71B2 /* HomeView.swift */,
			);
			path = Views;
			sourceTree = "<group>";
		};
		561B315F298877AA005A71B2 /* Cells */ = {
			isa = PBXGroup;
			children = (
				561B3160298877B3005A71B2 /* PostCell.swift */,
			);
			path = Cells;
			sourceTree = "<group>";
		};
		8DDB4BA40BE8298E456AD658 /* Frameworks */ = {
			isa = PBXGroup;
			children = (
				69072CC0F33EFF86B72F7C4A /* Pods_MockPosts.framework */,
				720E50753EED4820FF50C465 /* Pods_MockPosts_MockPostsUITests.framework */,
				CA1EEC5F5B881069226B6E6C /* Pods_MockPostsTests.framework */,
			);
			name = Frameworks;
			sourceTree = "<group>";
		};
		F33CA1C60ABD8FA09961ACD9 /* Pods */ = {
			isa = PBXGroup;
			children = (
				F3D1BCC4E76F399DCD29F035 /* Pods-MockPosts.debug.xcconfig */,
				6A4C00125ABAB8B1248DCDA7 /* Pods-MockPosts.release.xcconfig */,
				CB2C0C63F53C3193F51416D0 /* Pods-MockPosts-MockPostsUITests.debug.xcconfig */,
				75F42CE2CF0E5EF86B766459 /* Pods-MockPosts-MockPostsUITests.release.xcconfig */,
				C234D8C1A88A0F08DC730A57 /* Pods-MockPostsTests.debug.xcconfig */,
				5AAE0C1B1600F33AABA08F36 /* Pods-MockPostsTests.release.xcconfig */,
			);
			path = Pods;
			sourceTree = "<group>";
		};
/* End PBXGroup section */

/* Begin PBXNativeTarget section */
		561B30D82983FC24005A71B2 /* MockPosts */ = {
			isa = PBXNativeTarget;
			buildConfigurationList = 561B31062983FC25005A71B2 /* Build configuration list for PBXNativeTarget "MockPosts" */;
			buildPhases = (
				99ADBEF886B9E4F1FA1B2BAD /* [CP] Check Pods Manifest.lock */,
				561B312C29855BF5005A71B2 /* Lint Script */,
				561B30D52983FC24005A71B2 /* Sources */,
				561B30D62983FC24005A71B2 /* Frameworks */,
				561B30D72983FC24005A71B2 /* Resources */,
				B575B137EC62DCE051EB09BE /* [CP] Embed Pods Frameworks */,
			);
			buildRules = (
			);
			dependencies = (
			);
			name = MockPosts;
			productName = MockPosts;
			productReference = 561B30D92983FC24005A71B2 /* MockPosts.app */;
			productType = "com.apple.product-type.application";
		};
		561B30F12983FC25005A71B2 /* MockPostsTests */ = {
			isa = PBXNativeTarget;
			buildConfigurationList = 561B31092983FC25005A71B2 /* Build configuration list for PBXNativeTarget "MockPostsTests" */;
			buildPhases = (
				4C49F1BCBE92AF008211FB0B /* [CP] Check Pods Manifest.lock */,
				561B30EE2983FC25005A71B2 /* Sources */,
				561B30EF2983FC25005A71B2 /* Frameworks */,
				561B30F02983FC25005A71B2 /* Resources */,
				AD77A6300A17CF8BA509E951 /* [CP] Embed Pods Frameworks */,
			);
			buildRules = (
			);
			dependencies = (
				561B30F42983FC25005A71B2 /* PBXTargetDependency */,
			);
			name = MockPostsTests;
			productName = MockPostsTests;
			productReference = 561B30F22983FC25005A71B2 /* MockPostsTests.xctest */;
			productType = "com.apple.product-type.bundle.unit-test";
		};
		561B30FB2983FC25005A71B2 /* MockPostsUITests */ = {
			isa = PBXNativeTarget;
			buildConfigurationList = 561B310C2983FC25005A71B2 /* Build configuration list for PBXNativeTarget "MockPostsUITests" */;
			buildPhases = (
				8E8DC9A23F9ABB5354E42909 /* [CP] Check Pods Manifest.lock */,
				561B30F82983FC25005A71B2 /* Sources */,
				561B30F92983FC25005A71B2 /* Frameworks */,
				561B30FA2983FC25005A71B2 /* Resources */,
				92DCEB56568CCEE9713B31AC /* [CP] Embed Pods Frameworks */,
			);
			buildRules = (
			);
			dependencies = (
				561B30FE2983FC25005A71B2 /* PBXTargetDependency */,
			);
			name = MockPostsUITests;
			productName = MockPostsUITests;
			productReference = 561B30FC2983FC25005A71B2 /* MockPostsUITests.xctest */;
			productType = "com.apple.product-type.bundle.ui-testing";
		};
/* End PBXNativeTarget section */

/* Begin PBXProject section */
		561B30D12983FC24005A71B2 /* Project object */ = {
			isa = PBXProject;
			attributes = {
				BuildIndependentTargetsInParallel = 1;
				LastSwiftUpdateCheck = 1420;
				LastUpgradeCheck = 1420;
				TargetAttributes = {
					561B30D82983FC24005A71B2 = {
						CreatedOnToolsVersion = 14.2;
					};
					561B30F12983FC25005A71B2 = {
						CreatedOnToolsVersion = 14.2;
						TestTargetID = 561B30D82983FC24005A71B2;
					};
					561B30FB2983FC25005A71B2 = {
						CreatedOnToolsVersion = 14.2;
						TestTargetID = 561B30D82983FC24005A71B2;
					};
				};
			};
			buildConfigurationList = 561B30D42983FC24005A71B2 /* Build configuration list for PBXProject "MockPosts" */;
			compatibilityVersion = "Xcode 14.0";
			developmentRegion = en;
			hasScannedForEncodings = 0;
			knownRegions = (
				en,
				Base,
			);
			mainGroup = 561B30D02983FC24005A71B2;
			productRefGroup = 561B30DA2983FC24005A71B2 /* Products */;
			projectDirPath = "";
			projectRoot = "";
			targets = (
				561B30D82983FC24005A71B2 /* MockPosts */,
				561B30F12983FC25005A71B2 /* MockPostsTests */,
				561B30FB2983FC25005A71B2 /* MockPostsUITests */,
			);
		};
/* End PBXProject section */

/* Begin PBXResourcesBuildPhase section */
		561B30D72983FC24005A71B2 /* Resources */ = {
			isa = PBXResourcesBuildPhase;
			buildActionMask = 2147483647;
			files = (
				561B30EC2983FC25005A71B2 /* LaunchScreen.storyboard in Resources */,
				561B30E92983FC25005A71B2 /* Assets.xcassets in Resources */,
			);
			runOnlyForDeploymentPostprocessing = 0;
		};
		561B30F02983FC25005A71B2 /* Resources */ = {
			isa = PBXResourcesBuildPhase;
			buildActionMask = 2147483647;
			files = (
			);
			runOnlyForDeploymentPostprocessing = 0;
		};
		561B30FA2983FC25005A71B2 /* Resources */ = {
			isa = PBXResourcesBuildPhase;
			buildActionMask = 2147483647;
			files = (
			);
			runOnlyForDeploymentPostprocessing = 0;
		};
/* End PBXResourcesBuildPhase section */

/* Begin PBXShellScriptBuildPhase section */
		4C49F1BCBE92AF008211FB0B /* [CP] Check Pods Manifest.lock */ = {
			isa = PBXShellScriptBuildPhase;
			buildActionMask = 2147483647;
			files = (
			);
			inputFileListPaths = (
			);
			inputPaths = (
				"${PODS_PODFILE_DIR_PATH}/Podfile.lock",
				"${PODS_ROOT}/Manifest.lock",
			);
			name = "[CP] Check Pods Manifest.lock";
			outputFileListPaths = (
			);
			outputPaths = (
				"$(DERIVED_FILE_DIR)/Pods-MockPostsTests-checkManifestLockResult.txt",
			);
			runOnlyForDeploymentPostprocessing = 0;
			shellPath = /bin/sh;
			shellScript = "diff \"${PODS_PODFILE_DIR_PATH}/Podfile.lock\" \"${PODS_ROOT}/Manifest.lock\" > /dev/null\nif [ $? != 0 ] ; then\n    # print error to STDERR\n    echo \"error: The sandbox is not in sync with the Podfile.lock. Run 'pod install' or update your CocoaPods installation.\" >&2\n    exit 1\nfi\n# This output is used by Xcode 'outputs' to avoid re-running this script phase.\necho \"SUCCESS\" > \"${SCRIPT_OUTPUT_FILE_0}\"\n";
			showEnvVarsInLog = 0;
		};
		561B312C29855BF5005A71B2 /* Lint Script */ = {
			isa = PBXShellScriptBuildPhase;
			alwaysOutOfDate = 1;
			buildActionMask = 2147483647;
			files = (
			);
			inputFileListPaths = (
			);
			inputPaths = (
			);
			name = "Lint Script";
			outputFileListPaths = (
			);
			outputPaths = (
			);
			runOnlyForDeploymentPostprocessing = 0;
			shellPath = /bin/sh;
			shellScript = "Scripts/lint.sh\n";
		};
		8E8DC9A23F9ABB5354E42909 /* [CP] Check Pods Manifest.lock */ = {
			isa = PBXShellScriptBuildPhase;
			buildActionMask = 2147483647;
			files = (
			);
			inputFileListPaths = (
			);
			inputPaths = (
				"${PODS_PODFILE_DIR_PATH}/Podfile.lock",
				"${PODS_ROOT}/Manifest.lock",
			);
			name = "[CP] Check Pods Manifest.lock";
			outputFileListPaths = (
			);
			outputPaths = (
				"$(DERIVED_FILE_DIR)/Pods-MockPosts-MockPostsUITests-checkManifestLockResult.txt",
			);
			runOnlyForDeploymentPostprocessing = 0;
			shellPath = /bin/sh;
			shellScript = "diff \"${PODS_PODFILE_DIR_PATH}/Podfile.lock\" \"${PODS_ROOT}/Manifest.lock\" > /dev/null\nif [ $? != 0 ] ; then\n    # print error to STDERR\n    echo \"error: The sandbox is not in sync with the Podfile.lock. Run 'pod install' or update your CocoaPods installation.\" >&2\n    exit 1\nfi\n# This output is used by Xcode 'outputs' to avoid re-running this script phase.\necho \"SUCCESS\" > \"${SCRIPT_OUTPUT_FILE_0}\"\n";
			showEnvVarsInLog = 0;
		};
		92DCEB56568CCEE9713B31AC /* [CP] Embed Pods Frameworks */ = {
			isa = PBXShellScriptBuildPhase;
			buildActionMask = 2147483647;
			files = (
			);
			inputFileListPaths = (
				"${PODS_ROOT}/Target Support Files/Pods-MockPosts-MockPostsUITests/Pods-MockPosts-MockPostsUITests-frameworks-${CONFIGURATION}-input-files.xcfilelist",
			);
			name = "[CP] Embed Pods Frameworks";
			outputFileListPaths = (
				"${PODS_ROOT}/Target Support Files/Pods-MockPosts-MockPostsUITests/Pods-MockPosts-MockPostsUITests-frameworks-${CONFIGURATION}-output-files.xcfilelist",
			);
			runOnlyForDeploymentPostprocessing = 0;
			shellPath = /bin/sh;
			shellScript = "\"${PODS_ROOT}/Target Support Files/Pods-MockPosts-MockPostsUITests/Pods-MockPosts-MockPostsUITests-frameworks.sh\"\n";
			showEnvVarsInLog = 0;
		};
		99ADBEF886B9E4F1FA1B2BAD /* [CP] Check Pods Manifest.lock */ = {
			isa = PBXShellScriptBuildPhase;
			buildActionMask = 2147483647;
			files = (
			);
			inputFileListPaths = (
			);
			inputPaths = (
				"${PODS_PODFILE_DIR_PATH}/Podfile.lock",
				"${PODS_ROOT}/Manifest.lock",
			);
			name = "[CP] Check Pods Manifest.lock";
			outputFileListPaths = (
			);
			outputPaths = (
				"$(DERIVED_FILE_DIR)/Pods-MockPosts-checkManifestLockResult.txt",
			);
			runOnlyForDeploymentPostprocessing = 0;
			shellPath = /bin/sh;
			shellScript = "diff \"${PODS_PODFILE_DIR_PATH}/Podfile.lock\" \"${PODS_ROOT}/Manifest.lock\" > /dev/null\nif [ $? != 0 ] ; then\n    # print error to STDERR\n    echo \"error: The sandbox is not in sync with the Podfile.lock. Run 'pod install' or update your CocoaPods installation.\" >&2\n    exit 1\nfi\n# This output is used by Xcode 'outputs' to avoid re-running this script phase.\necho \"SUCCESS\" > \"${SCRIPT_OUTPUT_FILE_0}\"\n";
			showEnvVarsInLog = 0;
		};
		AD77A6300A17CF8BA509E951 /* [CP] Embed Pods Frameworks */ = {
			isa = PBXShellScriptBuildPhase;
			buildActionMask = 2147483647;
			files = (
			);
			inputFileListPaths = (
				"${PODS_ROOT}/Target Support Files/Pods-MockPostsTests/Pods-MockPostsTests-frameworks-${CONFIGURATION}-input-files.xcfilelist",
			);
			name = "[CP] Embed Pods Frameworks";
			outputFileListPaths = (
				"${PODS_ROOT}/Target Support Files/Pods-MockPostsTests/Pods-MockPostsTests-frameworks-${CONFIGURATION}-output-files.xcfilelist",
			);
			runOnlyForDeploymentPostprocessing = 0;
			shellPath = /bin/sh;
			shellScript = "\"${PODS_ROOT}/Target Support Files/Pods-MockPostsTests/Pods-MockPostsTests-frameworks.sh\"\n";
			showEnvVarsInLog = 0;
		};
		B575B137EC62DCE051EB09BE /* [CP] Embed Pods Frameworks */ = {
			isa = PBXShellScriptBuildPhase;
			buildActionMask = 2147483647;
			files = (
			);
			inputFileListPaths = (
				"${PODS_ROOT}/Target Support Files/Pods-MockPosts/Pods-MockPosts-frameworks-${CONFIGURATION}-input-files.xcfilelist",
			);
			name = "[CP] Embed Pods Frameworks";
			outputFileListPaths = (
				"${PODS_ROOT}/Target Support Files/Pods-MockPosts/Pods-MockPosts-frameworks-${CONFIGURATION}-output-files.xcfilelist",
			);
			runOnlyForDeploymentPostprocessing = 0;
			shellPath = /bin/sh;
			shellScript = "\"${PODS_ROOT}/Target Support Files/Pods-MockPosts/Pods-MockPosts-frameworks.sh\"\n";
			showEnvVarsInLog = 0;
		};
/* End PBXShellScriptBuildPhase section */

/* Begin PBXSourcesBuildPhase section */
		561B30D52983FC24005A71B2 /* Sources */ = {
			isa = PBXSourcesBuildPhase;
			buildActionMask = 2147483647;
			files = (
				561B3140298596FC005A71B2 /* PostCommentsResponse.swift in Sources */,
				561B312429854F25005A71B2 /* HomeViewController.swift in Sources */,
				561B311929854E4B005A71B2 /* AppCoordinator.swift in Sources */,
				561B313029856B67005A71B2 /* ServiceAPICall.swift in Sources */,
				561B312029854F10005A71B2 /* HomeCoordinator.swift in Sources */,
				561B312729854FFD005A71B2 /* ViewCode.swift in Sources */,
				561B312929855013005A71B2 /* Apply.swift in Sources */,
				561B314A29859E2B005A71B2 /* PostRepositoryProtocol.swift in Sources */,
				561B315629880A99005A71B2 /* PostCommentsEntity.swift in Sources */,
				561B30E72983FC24005A71B2 /* MockPosts.xcdatamodeld in Sources */,
				561B314C29859E47005A71B2 /* PostUseCaseProtocol.swift in Sources */,
				561B313E298595B0005A71B2 /* PostResponse.swift in Sources */,
				561B313229856E8C005A71B2 /* APIRequest.swift in Sources */,
				561B31542987F8C8005A71B2 /* PostEntity.swift in Sources */,
				561B312B2985502F005A71B2 /* Configurable.swift in Sources */,
				561B3161298877B3005A71B2 /* PostCell.swift in Sources */,
				561B313529856F03005A71B2 /* NetworkError.swift in Sources */,
				561B314829859C43005A71B2 /* PostRepository.swift in Sources */,
				561B314E29859E50005A71B2 /* PostUseCase.swift in Sources */,
				561B312229854F1C005A71B2 /* HomeViewModel.swift in Sources */,
				561B30DD2983FC24005A71B2 /* AppDelegate.swift in Sources */,
				561B315C29886FAE005A71B2 /* UIView+Misc.swift in Sources */,
				561B315E298876DC005A71B2 /* TableView+Misc.swift in Sources */,
				561B313C29859485005A71B2 /* PostAPIService.swift in Sources */,
				561B315A29886E53005A71B2 /* HomeView.swift in Sources */,
				561B31512985A0A7005A71B2 /* Rx+Misc.swift in Sources */,
			);
			runOnlyForDeploymentPostprocessing = 0;
		};
		561B30EE2983FC25005A71B2 /* Sources */ = {
			isa = PBXSourcesBuildPhase;
			buildActionMask = 2147483647;
			files = (
				561B30F72983FC25005A71B2 /* MockPostsTests.swift in Sources */,
			);
			runOnlyForDeploymentPostprocessing = 0;
		};
		561B30F82983FC25005A71B2 /* Sources */ = {
			isa = PBXSourcesBuildPhase;
			buildActionMask = 2147483647;
			files = (
				561B31032983FC25005A71B2 /* MockPostsUITestsLaunchTests.swift in Sources */,
				561B31012983FC25005A71B2 /* MockPostsUITests.swift in Sources */,
			);
			runOnlyForDeploymentPostprocessing = 0;
		};
/* End PBXSourcesBuildPhase section */

/* Begin PBXTargetDependency section */
		561B30F42983FC25005A71B2 /* PBXTargetDependency */ = {
			isa = PBXTargetDependency;
			target = 561B30D82983FC24005A71B2 /* MockPosts */;
			targetProxy = 561B30F32983FC25005A71B2 /* PBXContainerItemProxy */;
		};
		561B30FE2983FC25005A71B2 /* PBXTargetDependency */ = {
			isa = PBXTargetDependency;
			target = 561B30D82983FC24005A71B2 /* MockPosts */;
			targetProxy = 561B30FD2983FC25005A71B2 /* PBXContainerItemProxy */;
		};
/* End PBXTargetDependency section */

/* Begin PBXVariantGroup section */
		561B30EA2983FC25005A71B2 /* LaunchScreen.storyboard */ = {
			isa = PBXVariantGroup;
			children = (
				561B30EB2983FC25005A71B2 /* Base */,
			);
			name = LaunchScreen.storyboard;
			sourceTree = "<group>";
		};
/* End PBXVariantGroup section */

/* Begin XCBuildConfiguration section */
		561B31042983FC25005A71B2 /* Debug */ = {
			isa = XCBuildConfiguration;
			buildSettings = {
				ALWAYS_SEARCH_USER_PATHS = NO;
				CLANG_ANALYZER_NONNULL = YES;
				CLANG_ANALYZER_NUMBER_OBJECT_CONVERSION = YES_AGGRESSIVE;
				CLANG_CXX_LANGUAGE_STANDARD = "gnu++20";
				CLANG_ENABLE_MODULES = YES;
				CLANG_ENABLE_OBJC_ARC = YES;
				CLANG_ENABLE_OBJC_WEAK = YES;
				CLANG_WARN_BLOCK_CAPTURE_AUTORELEASING = YES;
				CLANG_WARN_BOOL_CONVERSION = YES;
				CLANG_WARN_COMMA = YES;
				CLANG_WARN_CONSTANT_CONVERSION = YES;
				CLANG_WARN_DEPRECATED_OBJC_IMPLEMENTATIONS = YES;
				CLANG_WARN_DIRECT_OBJC_ISA_USAGE = YES_ERROR;
				CLANG_WARN_DOCUMENTATION_COMMENTS = YES;
				CLANG_WARN_EMPTY_BODY = YES;
				CLANG_WARN_ENUM_CONVERSION = YES;
				CLANG_WARN_INFINITE_RECURSION = YES;
				CLANG_WARN_INT_CONVERSION = YES;
				CLANG_WARN_NON_LITERAL_NULL_CONVERSION = YES;
				CLANG_WARN_OBJC_IMPLICIT_RETAIN_SELF = YES;
				CLANG_WARN_OBJC_LITERAL_CONVERSION = YES;
				CLANG_WARN_OBJC_ROOT_CLASS = YES_ERROR;
				CLANG_WARN_QUOTED_INCLUDE_IN_FRAMEWORK_HEADER = YES;
				CLANG_WARN_RANGE_LOOP_ANALYSIS = YES;
				CLANG_WARN_STRICT_PROTOTYPES = YES;
				CLANG_WARN_SUSPICIOUS_MOVE = YES;
				CLANG_WARN_UNGUARDED_AVAILABILITY = YES_AGGRESSIVE;
				CLANG_WARN_UNREACHABLE_CODE = YES;
				CLANG_WARN__DUPLICATE_METHOD_MATCH = YES;
				COPY_PHASE_STRIP = NO;
				DEBUG_INFORMATION_FORMAT = dwarf;
				ENABLE_STRICT_OBJC_MSGSEND = YES;
				ENABLE_TESTABILITY = YES;
				GCC_C_LANGUAGE_STANDARD = gnu11;
				GCC_DYNAMIC_NO_PIC = NO;
				GCC_NO_COMMON_BLOCKS = YES;
				GCC_OPTIMIZATION_LEVEL = 0;
				GCC_PREPROCESSOR_DEFINITIONS = (
					"DEBUG=1",
					"$(inherited)",
				);
				GCC_WARN_64_TO_32_BIT_CONVERSION = YES;
				GCC_WARN_ABOUT_RETURN_TYPE = YES_ERROR;
				GCC_WARN_UNDECLARED_SELECTOR = YES;
				GCC_WARN_UNINITIALIZED_AUTOS = YES_AGGRESSIVE;
				GCC_WARN_UNUSED_FUNCTION = YES;
				GCC_WARN_UNUSED_VARIABLE = YES;
				IPHONEOS_DEPLOYMENT_TARGET = 16.2;
				MTL_ENABLE_DEBUG_INFO = INCLUDE_SOURCE;
				MTL_FAST_MATH = YES;
				ONLY_ACTIVE_ARCH = YES;
				SDKROOT = iphoneos;
				SWIFT_ACTIVE_COMPILATION_CONDITIONS = DEBUG;
				SWIFT_OPTIMIZATION_LEVEL = "-Onone";
			};
			name = Debug;
		};
		561B31052983FC25005A71B2 /* Release */ = {
			isa = XCBuildConfiguration;
			buildSettings = {
				ALWAYS_SEARCH_USER_PATHS = NO;
				CLANG_ANALYZER_NONNULL = YES;
				CLANG_ANALYZER_NUMBER_OBJECT_CONVERSION = YES_AGGRESSIVE;
				CLANG_CXX_LANGUAGE_STANDARD = "gnu++20";
				CLANG_ENABLE_MODULES = YES;
				CLANG_ENABLE_OBJC_ARC = YES;
				CLANG_ENABLE_OBJC_WEAK = YES;
				CLANG_WARN_BLOCK_CAPTURE_AUTORELEASING = YES;
				CLANG_WARN_BOOL_CONVERSION = YES;
				CLANG_WARN_COMMA = YES;
				CLANG_WARN_CONSTANT_CONVERSION = YES;
				CLANG_WARN_DEPRECATED_OBJC_IMPLEMENTATIONS = YES;
				CLANG_WARN_DIRECT_OBJC_ISA_USAGE = YES_ERROR;
				CLANG_WARN_DOCUMENTATION_COMMENTS = YES;
				CLANG_WARN_EMPTY_BODY = YES;
				CLANG_WARN_ENUM_CONVERSION = YES;
				CLANG_WARN_INFINITE_RECURSION = YES;
				CLANG_WARN_INT_CONVERSION = YES;
				CLANG_WARN_NON_LITERAL_NULL_CONVERSION = YES;
				CLANG_WARN_OBJC_IMPLICIT_RETAIN_SELF = YES;
				CLANG_WARN_OBJC_LITERAL_CONVERSION = YES;
				CLANG_WARN_OBJC_ROOT_CLASS = YES_ERROR;
				CLANG_WARN_QUOTED_INCLUDE_IN_FRAMEWORK_HEADER = YES;
				CLANG_WARN_RANGE_LOOP_ANALYSIS = YES;
				CLANG_WARN_STRICT_PROTOTYPES = YES;
				CLANG_WARN_SUSPICIOUS_MOVE = YES;
				CLANG_WARN_UNGUARDED_AVAILABILITY = YES_AGGRESSIVE;
				CLANG_WARN_UNREACHABLE_CODE = YES;
				CLANG_WARN__DUPLICATE_METHOD_MATCH = YES;
				COPY_PHASE_STRIP = NO;
				DEBUG_INFORMATION_FORMAT = "dwarf-with-dsym";
				ENABLE_NS_ASSERTIONS = NO;
				ENABLE_STRICT_OBJC_MSGSEND = YES;
				GCC_C_LANGUAGE_STANDARD = gnu11;
				GCC_NO_COMMON_BLOCKS = YES;
				GCC_WARN_64_TO_32_BIT_CONVERSION = YES;
				GCC_WARN_ABOUT_RETURN_TYPE = YES_ERROR;
				GCC_WARN_UNDECLARED_SELECTOR = YES;
				GCC_WARN_UNINITIALIZED_AUTOS = YES_AGGRESSIVE;
				GCC_WARN_UNUSED_FUNCTION = YES;
				GCC_WARN_UNUSED_VARIABLE = YES;
				IPHONEOS_DEPLOYMENT_TARGET = 16.2;
				MTL_ENABLE_DEBUG_INFO = NO;
				MTL_FAST_MATH = YES;
				SDKROOT = iphoneos;
				SWIFT_COMPILATION_MODE = wholemodule;
				SWIFT_OPTIMIZATION_LEVEL = "-O";
				VALIDATE_PRODUCT = YES;
			};
			name = Release;
		};
		561B31072983FC25005A71B2 /* Debug */ = {
			isa = XCBuildConfiguration;
			baseConfigurationReference = F3D1BCC4E76F399DCD29F035 /* Pods-MockPosts.debug.xcconfig */;
			buildSettings = {
				ASSETCATALOG_COMPILER_APPICON_NAME = AppIcon;
				ASSETCATALOG_COMPILER_GLOBAL_ACCENT_COLOR_NAME = AccentColor;
				CODE_SIGN_STYLE = Automatic;
				CURRENT_PROJECT_VERSION = 1;
				DEVELOPMENT_TEAM = K992HP865M;
				GENERATE_INFOPLIST_FILE = YES;
				INFOPLIST_FILE = "MockPosts/Supporting Files/Info.plist";
				INFOPLIST_KEY_UIApplicationSupportsIndirectInputEvents = YES;
				INFOPLIST_KEY_UILaunchStoryboardName = LaunchScreen;
				INFOPLIST_KEY_UIMainStoryboardFile = "";
				INFOPLIST_KEY_UISupportedInterfaceOrientations = UIInterfaceOrientationPortrait;
				INFOPLIST_KEY_UISupportedInterfaceOrientations_iPad = "UIInterfaceOrientationLandscapeLeft UIInterfaceOrientationLandscapeRight UIInterfaceOrientationPortrait UIInterfaceOrientationPortraitUpsideDown";
				IPHONEOS_DEPLOYMENT_TARGET = 15.0;
				LD_RUNPATH_SEARCH_PATHS = (
					"$(inherited)",
					"@executable_path/Frameworks",
				);
				MARKETING_VERSION = 1.0;
				PRODUCT_BUNDLE_IDENTIFIER = com.ruyther.MockPosts;
				PRODUCT_NAME = "$(TARGET_NAME)";
				SUPPORTED_PLATFORMS = "iphoneos iphonesimulator";
				SUPPORTS_MACCATALYST = NO;
				SUPPORTS_MAC_DESIGNED_FOR_IPHONE_IPAD = NO;
				SWIFT_EMIT_LOC_STRINGS = YES;
				SWIFT_VERSION = 5.0;
				TARGETED_DEVICE_FAMILY = 1;
			};
			name = Debug;
		};
		561B31082983FC25005A71B2 /* Release */ = {
			isa = XCBuildConfiguration;
			baseConfigurationReference = 6A4C00125ABAB8B1248DCDA7 /* Pods-MockPosts.release.xcconfig */;
			buildSettings = {
				ASSETCATALOG_COMPILER_APPICON_NAME = AppIcon;
				ASSETCATALOG_COMPILER_GLOBAL_ACCENT_COLOR_NAME = AccentColor;
				CODE_SIGN_STYLE = Automatic;
				CURRENT_PROJECT_VERSION = 1;
				DEVELOPMENT_TEAM = K992HP865M;
				GENERATE_INFOPLIST_FILE = YES;
				INFOPLIST_FILE = "MockPosts/Supporting Files/Info.plist";
				INFOPLIST_KEY_UIApplicationSupportsIndirectInputEvents = YES;
				INFOPLIST_KEY_UILaunchStoryboardName = LaunchScreen;
				INFOPLIST_KEY_UIMainStoryboardFile = "";
				INFOPLIST_KEY_UISupportedInterfaceOrientations = UIInterfaceOrientationPortrait;
				INFOPLIST_KEY_UISupportedInterfaceOrientations_iPad = "UIInterfaceOrientationLandscapeLeft UIInterfaceOrientationLandscapeRight UIInterfaceOrientationPortrait UIInterfaceOrientationPortraitUpsideDown";
				IPHONEOS_DEPLOYMENT_TARGET = 15.0;
				LD_RUNPATH_SEARCH_PATHS = (
					"$(inherited)",
					"@executable_path/Frameworks",
				);
				MARKETING_VERSION = 1.0;
				PRODUCT_BUNDLE_IDENTIFIER = com.ruyther.MockPosts;
				PRODUCT_NAME = "$(TARGET_NAME)";
				SUPPORTED_PLATFORMS = "iphoneos iphonesimulator";
				SUPPORTS_MACCATALYST = NO;
				SUPPORTS_MAC_DESIGNED_FOR_IPHONE_IPAD = NO;
				SWIFT_EMIT_LOC_STRINGS = YES;
				SWIFT_VERSION = 5.0;
				TARGETED_DEVICE_FAMILY = 1;
			};
			name = Release;
		};
		561B310A2983FC25005A71B2 /* Debug */ = {
			isa = XCBuildConfiguration;
			baseConfigurationReference = C234D8C1A88A0F08DC730A57 /* Pods-MockPostsTests.debug.xcconfig */;
			buildSettings = {
				ALWAYS_EMBED_SWIFT_STANDARD_LIBRARIES = YES;
				BUNDLE_LOADER = "$(TEST_HOST)";
				CODE_SIGN_STYLE = Automatic;
				CURRENT_PROJECT_VERSION = 1;
				DEVELOPMENT_TEAM = K992HP865M;
				GENERATE_INFOPLIST_FILE = YES;
				IPHONEOS_DEPLOYMENT_TARGET = 16.2;
				MARKETING_VERSION = 1.0;
				PRODUCT_BUNDLE_IDENTIFIER = com.ruyther.MockPostsTests;
				PRODUCT_NAME = "$(TARGET_NAME)";
				SWIFT_EMIT_LOC_STRINGS = NO;
				SWIFT_VERSION = 5.0;
				TARGETED_DEVICE_FAMILY = "1,2";
				TEST_HOST = "$(BUILT_PRODUCTS_DIR)/MockPosts.app/$(BUNDLE_EXECUTABLE_FOLDER_PATH)/MockPosts";
			};
			name = Debug;
		};
		561B310B2983FC25005A71B2 /* Release */ = {
			isa = XCBuildConfiguration;
			baseConfigurationReference = 5AAE0C1B1600F33AABA08F36 /* Pods-MockPostsTests.release.xcconfig */;
			buildSettings = {
				ALWAYS_EMBED_SWIFT_STANDARD_LIBRARIES = YES;
				BUNDLE_LOADER = "$(TEST_HOST)";
				CODE_SIGN_STYLE = Automatic;
				CURRENT_PROJECT_VERSION = 1;
				DEVELOPMENT_TEAM = K992HP865M;
				GENERATE_INFOPLIST_FILE = YES;
				IPHONEOS_DEPLOYMENT_TARGET = 16.2;
				MARKETING_VERSION = 1.0;
				PRODUCT_BUNDLE_IDENTIFIER = com.ruyther.MockPostsTests;
				PRODUCT_NAME = "$(TARGET_NAME)";
				SWIFT_EMIT_LOC_STRINGS = NO;
				SWIFT_VERSION = 5.0;
				TARGETED_DEVICE_FAMILY = "1,2";
				TEST_HOST = "$(BUILT_PRODUCTS_DIR)/MockPosts.app/$(BUNDLE_EXECUTABLE_FOLDER_PATH)/MockPosts";
			};
			name = Release;
		};
		561B310D2983FC25005A71B2 /* Debug */ = {
			isa = XCBuildConfiguration;
			baseConfigurationReference = CB2C0C63F53C3193F51416D0 /* Pods-MockPosts-MockPostsUITests.debug.xcconfig */;
			buildSettings = {
				ALWAYS_EMBED_SWIFT_STANDARD_LIBRARIES = YES;
				CODE_SIGN_STYLE = Automatic;
				CURRENT_PROJECT_VERSION = 1;
				DEVELOPMENT_TEAM = K992HP865M;
				GENERATE_INFOPLIST_FILE = YES;
				MARKETING_VERSION = 1.0;
				PRODUCT_BUNDLE_IDENTIFIER = com.ruyther.MockPostsUITests;
				PRODUCT_NAME = "$(TARGET_NAME)";
				SWIFT_EMIT_LOC_STRINGS = NO;
				SWIFT_VERSION = 5.0;
				TARGETED_DEVICE_FAMILY = "1,2";
				TEST_TARGET_NAME = MockPosts;
			};
			name = Debug;
		};
		561B310E2983FC25005A71B2 /* Release */ = {
			isa = XCBuildConfiguration;
			baseConfigurationReference = 75F42CE2CF0E5EF86B766459 /* Pods-MockPosts-MockPostsUITests.release.xcconfig */;
			buildSettings = {
				ALWAYS_EMBED_SWIFT_STANDARD_LIBRARIES = YES;
				CODE_SIGN_STYLE = Automatic;
				CURRENT_PROJECT_VERSION = 1;
				DEVELOPMENT_TEAM = K992HP865M;
				GENERATE_INFOPLIST_FILE = YES;
				MARKETING_VERSION = 1.0;
				PRODUCT_BUNDLE_IDENTIFIER = com.ruyther.MockPostsUITests;
				PRODUCT_NAME = "$(TARGET_NAME)";
				SWIFT_EMIT_LOC_STRINGS = NO;
				SWIFT_VERSION = 5.0;
				TARGETED_DEVICE_FAMILY = "1,2";
				TEST_TARGET_NAME = MockPosts;
			};
			name = Release;
		};
/* End XCBuildConfiguration section */

/* Begin XCConfigurationList section */
		561B30D42983FC24005A71B2 /* Build configuration list for PBXProject "MockPosts" */ = {
			isa = XCConfigurationList;
			buildConfigurations = (
				561B31042983FC25005A71B2 /* Debug */,
				561B31052983FC25005A71B2 /* Release */,
			);
			defaultConfigurationIsVisible = 0;
			defaultConfigurationName = Release;
		};
		561B31062983FC25005A71B2 /* Build configuration list for PBXNativeTarget "MockPosts" */ = {
			isa = XCConfigurationList;
			buildConfigurations = (
				561B31072983FC25005A71B2 /* Debug */,
				561B31082983FC25005A71B2 /* Release */,
			);
			defaultConfigurationIsVisible = 0;
			defaultConfigurationName = Release;
		};
		561B31092983FC25005A71B2 /* Build configuration list for PBXNativeTarget "MockPostsTests" */ = {
			isa = XCConfigurationList;
			buildConfigurations = (
				561B310A2983FC25005A71B2 /* Debug */,
				561B310B2983FC25005A71B2 /* Release */,
			);
			defaultConfigurationIsVisible = 0;
			defaultConfigurationName = Release;
		};
		561B310C2983FC25005A71B2 /* Build configuration list for PBXNativeTarget "MockPostsUITests" */ = {
			isa = XCConfigurationList;
			buildConfigurations = (
				561B310D2983FC25005A71B2 /* Debug */,
				561B310E2983FC25005A71B2 /* Release */,
			);
			defaultConfigurationIsVisible = 0;
			defaultConfigurationName = Release;
		};
/* End XCConfigurationList section */

/* Begin XCVersionGroup section */
		561B30E52983FC24005A71B2 /* MockPosts.xcdatamodeld */ = {
			isa = XCVersionGroup;
			children = (
				561B30E62983FC24005A71B2 /* MockPosts.xcdatamodel */,
			);
			currentVersion = 561B30E62983FC24005A71B2 /* MockPosts.xcdatamodel */;
			path = MockPosts.xcdatamodeld;
			sourceTree = "<group>";
			versionGroupType = wrapper.xcdatamodel;
		};
/* End XCVersionGroup section */
	};
	rootObject = 561B30D12983FC24005A71B2 /* Project object */;
}
